
Microsoft Visual Studio Solution File, Format Version 12.00
# Visual Studio Version 16
VisualStudioVersion = 16.0.31605.320
MinimumVisualStudioVersion = 10.0.40219.1
Project("{FAE04EC0-301F-11D3-BF4B-00C04F79EFBC}") = "TaxiBooking", "TaxiBooking\TaxiBooking.csproj", "{ABCEF9AE-3B08-4C4C-ACD0-13C41F1DCB1D}"
EndProject
Global
	GlobalSection(SolutionConfigurationPlatforms) = preSolution
		Debug|Any CPU = Debug|Any CPU
		Release|Any CPU = Release|Any CPU
	EndGlobalSection
	GlobalSection(ProjectConfigurationPlatforms) = postSolution
		{ABCEF9AE-3B08-4C4C-ACD0-13C41F1DCB1D}.Debug|Any CPU.ActiveCfg = Debug|Any CPU
		{ABCEF9AE-3B08-4C4C-ACD0-13C41F1DCB1D}.Debug|Any CPU.Build.0 = Debug|Any CPU
		{ABCEF9AE-3B08-4C4C-ACD0-13C41F1DCB1D}.Release|Any CPU.ActiveCfg = Release|Any CPU
		{ABCEF9AE-3B08-4C4C-ACD0-13C41F1DCB1D}.Release|Any CPU.Build.0 = Release|Any CPU
	EndGlobalSection
	GlobalSection(SolutionProperties) = preSolution
		HideSolutionNode = FALSE
	EndGlobalSection
	GlobalSection(ExtensibilityGlobals) = postSolution
		SolutionGuid = {FEB7D525-7146-46AD-94D7-B66995CEAE73}
	EndGlobalSection
EndGlobal
